
Microsoft Visual Studio Solution File, Format Version 12.00
# Visual Studio Version 17
VisualStudioVersion = 17.7.34018.315
MinimumVisualStudioVersion = 10.0.40219.1
Project("{9A19103F-16F7-4668-BE54-9A1E7A4F7556}") = "ClientAPI", "ClientAPI\ClientAPI.csproj", "{CDB6A110-7240-4E0C-9533-EA6941C83ABB}"
EndProject
Project("{9A19103F-16F7-4668-BE54-9A1E7A4F7556}") = "LoanRequestAPI", "LoanRequestAPI\LoanRequestAPI.csproj", "{842DD337-20FB-4435-8563-89A521DF8E00}"
EndProject
Project("{9A19103F-16F7-4668-BE54-9A1E7A4F7556}") = "EmailsAPI", "EmailsAPI\EmailsAPI.csproj", "{1AD7AB4E-1B4D-415C-9B9E-A85B69440D62}"
EndProject
Project("{9A19103F-16F7-4668-BE54-9A1E7A4F7556}") = "ClientBFF", "ClientBFF\ClientBFF.csproj", "{2E94A670-9455-4B5D-B58F-8B6D9FEEF829}"
EndProject
Project("{9A19103F-16F7-4668-BE54-9A1E7A4F7556}") = "ClientFrontEnd", "ClientFrontEnd\ClientFrontEnd.csproj", "{42008EA6-1283-46F9-898B-0B224A5BDB15}"
EndProject
Project("{9A19103F-16F7-4668-BE54-9A1E7A4F7556}") = "Admin", "Admin\Admin.csproj", "{6FC16A99-8FAA-43DF-80FF-70D27B59C8F0}"
EndProject
Global
	GlobalSection(SolutionConfigurationPlatforms) = preSolution
		Debug|Any CPU = Debug|Any CPU
		Release|Any CPU = Release|Any CPU
	EndGlobalSection
	GlobalSection(ProjectConfigurationPlatforms) = postSolution
		{CDB6A110-7240-4E0C-9533-EA6941C83ABB}.Debug|Any CPU.ActiveCfg = Debug|Any CPU
		{CDB6A110-7240-4E0C-9533-EA6941C83ABB}.Debug|Any CPU.Build.0 = Debug|Any CPU
		{CDB6A110-7240-4E0C-9533-EA6941C83ABB}.Release|Any CPU.ActiveCfg = Release|Any CPU
		{CDB6A110-7240-4E0C-9533-EA6941C83ABB}.Release|Any CPU.Build.0 = Release|Any CPU
		{842DD337-20FB-4435-8563-89A521DF8E00}.Debug|Any CPU.ActiveCfg = Debug|Any CPU
		{842DD337-20FB-4435-8563-89A521DF8E00}.Debug|Any CPU.Build.0 = Debug|Any CPU
		{842DD337-20FB-4435-8563-89A521DF8E00}.Release|Any CPU.ActiveCfg = Release|Any CPU
		{842DD337-20FB-4435-8563-89A521DF8E00}.Release|Any CPU.Build.0 = Release|Any CPU
		{1AD7AB4E-1B4D-415C-9B9E-A85B69440D62}.Debug|Any CPU.ActiveCfg = Debug|Any CPU
		{1AD7AB4E-1B4D-415C-9B9E-A85B69440D62}.Debug|Any CPU.Build.0 = Debug|Any CPU
		{1AD7AB4E-1B4D-415C-9B9E-A85B69440D62}.Release|Any CPU.ActiveCfg = Release|Any CPU
		{1AD7AB4E-1B4D-415C-9B9E-A85B69440D62}.Release|Any CPU.Build.0 = Release|Any CPU
		{2E94A670-9455-4B5D-B58F-8B6D9FEEF829}.Debug|Any CPU.ActiveCfg = Debug|Any CPU
		{2E94A670-9455-4B5D-B58F-8B6D9FEEF829}.Debug|Any CPU.Build.0 = Debug|Any CPU
		{2E94A670-9455-4B5D-B58F-8B6D9FEEF829}.Release|Any CPU.ActiveCfg = Release|Any CPU
		{2E94A670-9455-4B5D-B58F-8B6D9FEEF829}.Release|Any CPU.Build.0 = Release|Any CPU
		{42008EA6-1283-46F9-898B-0B224A5BDB15}.Debug|Any CPU.ActiveCfg = Debug|Any CPU
		{42008EA6-1283-46F9-898B-0B224A5BDB15}.Debug|Any CPU.Build.0 = Debug|Any CPU
		{42008EA6-1283-46F9-898B-0B224A5BDB15}.Release|Any CPU.ActiveCfg = Release|Any CPU
		{42008EA6-1283-46F9-898B-0B224A5BDB15}.Release|Any CPU.Build.0 = Release|Any CPU
		{6FC16A99-8FAA-43DF-80FF-70D27B59C8F0}.Debug|Any CPU.ActiveCfg = Debug|Any CPU
		{6FC16A99-8FAA-43DF-80FF-70D27B59C8F0}.Debug|Any CPU.Build.0 = Debug|Any CPU
		{6FC16A99-8FAA-43DF-80FF-70D27B59C8F0}.Release|Any CPU.ActiveCfg = Release|Any CPU
		{6FC16A99-8FAA-43DF-80FF-70D27B59C8F0}.Release|Any CPU.Build.0 = Release|Any CPU
	EndGlobalSection
	GlobalSection(SolutionProperties) = preSolution
		HideSolutionNode = FALSE
	EndGlobalSection
	GlobalSection(ExtensibilityGlobals) = postSolution
		SolutionGuid = {DEE046B9-D125-4509-9F58-3CA34FA7C889}
	EndGlobalSection
EndGlobal
